
Microsoft Visual Studio Solution File, Format Version 12.00
# Visual Studio Version 16
VisualStudioVersion = 16.0.31702.278
MinimumVisualStudioVersion = 10.0.40219.1
Project("{FAE04EC0-301F-11D3-BF4B-00C04F79EFBC}") = "TestWebApp", "TestWebApp\TestWebApp.csproj", "{1AEE33A3-4743-4A4E-BA12-6171796B2531}"
EndProject
Global
	GlobalSection(SolutionConfigurationPlatforms) = preSolution
		Debug|Any CPU = Debug|Any CPU
		Release|Any CPU = Release|Any CPU
	EndGlobalSection
	GlobalSection(ProjectConfigurationPlatforms) = postSolution
		{1AEE33A3-4743-4A4E-BA12-6171796B2531}.Debug|Any CPU.ActiveCfg = Debug|Any CPU
		{1AEE33A3-4743-4A4E-BA12-6171796B2531}.Debug|Any CPU.Build.0 = Debug|Any CPU
		{1AEE33A3-4743-4A4E-BA12-6171796B2531}.Release|Any CPU.ActiveCfg = Release|Any CPU
		{1AEE33A3-4743-4A4E-BA12-6171796B2531}.Release|Any CPU.Build.0 = Release|Any CPU
	EndGlobalSection
	GlobalSection(SolutionProperties) = preSolution
		HideSolutionNode = FALSE
	EndGlobalSection
	GlobalSection(ExtensibilityGlobals) = postSolution
		SolutionGuid = {DF5BA5EC-00C7-4346-A71B-A827BAE301B8}
	EndGlobalSection
EndGlobal
